
Microsoft Visual Studio Solution File, Format Version 12.00
# Visual Studio Version 17
VisualStudioVersion = 17.14.36202.13 d17.14
MinimumVisualStudioVersion = 10.0.40219.1
Project("{FAE04EC0-301F-11D3-BF4B-00C04F79EFBC}") = "Src", "Src.csproj", "{BEDA0D02-BCA1-4C21-BC5C-2F6FC259CE40}"
EndProject
Global
	GlobalSection(SolutionConfigurationPlatforms) = preSolution
		Debug|Any CPU = Debug|Any CPU
		Release|Any CPU = Release|Any CPU
	EndGlobalSection
	GlobalSection(ProjectConfigurationPlatforms) = postSolution
		{BEDA0D02-BCA1-4C21-BC5C-2F6FC259CE40}.Debug|Any CPU.ActiveCfg = Debug|Any CPU
		{BEDA0D02-BCA1-4C21-BC5C-2F6FC259CE40}.Debug|Any CPU.Build.0 = Debug|Any CPU
		{BEDA0D02-BCA1-4C21-BC5C-2F6FC259CE40}.Release|Any CPU.ActiveCfg = Release|Any CPU
		{BEDA0D02-BCA1-4C21-BC5C-2F6FC259CE40}.Release|Any CPU.Build.0 = Release|Any CPU
	EndGlobalSection
	GlobalSection(SolutionProperties) = preSolution
		HideSolutionNode = FALSE
	EndGlobalSection
	GlobalSection(ExtensibilityGlobals) = postSolution
		SolutionGuid = {95500C39-FA09-4CE1-A931-F269753175BA}
	EndGlobalSection
EndGlobal
